[renv]
Version=0.5.0-132

[R]
Version=3.6.1
Repositories=
	CRAN=https://cloud.r-project.org

[R/Package/BH]
Package=BH
Version=1.69.0-1
Source=CRAN
Hash=0fde015f5153e51df44981da0767f522

[R/Package/DBI]
Package=DBI
Version=1.0.0
Source=CRAN
Hash=2b2b6ea2111e1e57e192765d5013a3c5

[R/Package/Ecdat]
Package=Ecdat
Version=0.3-1
Source=CRAN
Hash=e4bfbf92bea9f6f7d19794d800293f64

[R/Package/Ecfun]
Package=Ecfun
Version=0.2-0
Source=CRAN
Hash=576bffb7d3b9f444a36784823f1baa56

[R/Package/KernSmooth]
Package=KernSmooth
Version=2.23-15
Source=CRAN
Hash=1abaf80e4ce51c982446637b6cf236bb

[R/Package/MASS]
Package=MASS
Version=7.3-51.4
Source=CRAN
Hash=a489ad42493fa9bfac8f3e3a3bc7d4ca

[R/Package/Matrix]
Package=Matrix
Version=1.2-17
Source=CRAN
Hash=a60009c832f495604f54399f21d89cc8

[R/Package/R6]
Package=R6
Version=2.4.0
Source=CRAN
Hash=92b50d943a7c76c67918c1e1beb68627

[R/Package/RColorBrewer]
Package=RColorBrewer
Version=1.1-2
Source=CRAN
Hash=f8a3bcc800d613797f1dfdf8ef4f0bfc

[R/Package/RCurl]
Package=RCurl
Version=1.95-4.12
Source=CRAN
Hash=da83dfabbb92098a20dada46869921a3

[R/Package/Rcpp]
Package=Rcpp
Version=1.0.2
Source=CRAN
Hash=c25fa7d5684fa7001ddfea3755243975

[R/Package/RcppRoll]
Package=RcppRoll
Version=0.3.0
Source=CRAN
Hash=2f4288aac396712ebeec16ff660a42a9

[R/Package/SQUAREM]
Package=SQUAREM
Version=2017.10-1
Source=CRAN
Hash=1cba0608850e00c650653d156bb497fe

[R/Package/TeachingDemos]
Package=TeachingDemos
Version=2.10
Source=CRAN
Hash=d172091c9743e5bf6ddb7a3b58351993

[R/Package/XML]
Package=XML
Version=3.98-1.20
Source=CRAN
Hash=870a12f824e6d7729de5cf55927ae1d0

[R/Package/askpass]
Package=askpass
Version=1.1
Source=CRAN
Hash=46678e19f261db289be40292d8e5d5bf

[R/Package/assertthat]
Package=assertthat
Version=0.2.1
Source=CRAN
Hash=19fb3d0ad048b4eb1a05cacffbae1f66

[R/Package/backports]
Package=backports
Version=1.1.4
Source=CRAN
Hash=2a78bf0825e0088e117520553ceb7fa5

[R/Package/base64enc]
Package=base64enc
Version=0.1-3
Source=CRAN
Hash=d355963b4b1c3039bfe8d65611a11cca

[R/Package/base64url]
Package=base64url
Version=1.4
Source=CRAN
Hash=205ca9cc59dc1fff1a7ba55fee9dad57

[R/Package/biglm]
Package=biglm
Version=0.9-1
Source=CRAN
Hash=568ddca77bf72d721407503a91d188db

[R/Package/bitops]
Package=bitops
Version=1.0-6
Source=CRAN
Hash=62408262624d9f8e436f51ca901424e2

[R/Package/broom]
Package=broom
Version=0.5.2
Source=CRAN
Hash=a6cfb50e5172a20815db00739aab4e78

[R/Package/callr]
Package=callr
Version=3.2.0
Source=CRAN
Hash=f1e3e635828bc08b88fc70a722800df5

[R/Package/cellranger]
Package=cellranger
Version=1.1.0
Source=CRAN
Hash=2cd2a065192f3ba08a919d8800dba7e0

[R/Package/class]
Package=class
Version=7.3-15
Source=CRAN
Hash=4878ea322bdd292b96affa71fd4332bd

[R/Package/cli]
Package=cli
Version=1.1.0
Source=CRAN
Hash=9b3dc7798f53ba3050b41ce4a3febdc5

[R/Package/clipr]
Package=clipr
Version=0.6.0
Source=CRAN
Hash=1b4c6b49dca948d2f95a741ae8f52edd

[R/Package/codetools]
Package=codetools
Version=0.2-16
Source=CRAN
Hash=3bf2a0853d7faf7f865d0b877946e452

[R/Package/colorspace]
Package=colorspace
Version=1.4-1
Source=CRAN
Hash=c25d49739abb6ebf4b3d0c3565574226

[R/Package/config]
Package=config
Version=0.3
Source=CRAN
Hash=7a15075ad1798112b35de17b8de84dbc

[R/Package/crayon]
Package=crayon
Version=1.3.4
Source=CRAN
Hash=d308ead32010b8e4d76c4690427da50b

[R/Package/curl]
Package=curl
Version=3.3
Source=CRAN
Hash=208293ffee1d8d6988ec5bcbf7bed49e

[R/Package/dbplyr]
Package=dbplyr
Version=1.4.2
Source=CRAN
Hash=aa3740879c38e6c11a93bd981521035a

[R/Package/digest]
Package=digest
Version=0.6.19
Source=CRAN
Hash=2e0bb891e01c4e3f1132304cf5dd4aaa

[R/Package/dplyr]
Package=dplyr
Version=0.8.3
Source=CRAN
Hash=17783831e1e918ab250dcae5dd9c6e03

[R/Package/drake]
Package=drake
Version=7.5.2
Source=CRAN
Hash=86f685ce45451801ee1c2a17c880eb34

[R/Package/ellipsis]
Package=ellipsis
Version=0.2.0.1
Source=CRAN
Hash=a7a9b2ae023bf012744c480d3388c0c8

[R/Package/evaluate]
Package=evaluate
Version=0.13
Source=CRAN
Hash=ebb5d6bd85f8cac85154a4ef054dfdfe

[R/Package/fansi]
Package=fansi
Version=0.4.0
Source=CRAN
Hash=cd87b0162287f0da225edfaa2fd3a20c

[R/Package/fda]
Package=fda
Version=2.4.8
Source=CRAN
Hash=398135169498ae29fb7a94781fc87eb8

[R/Package/filelock]
Package=filelock
Version=1.0.2
Source=CRAN
Hash=784db550445dfa0f28cacd1e07fed4c8

[R/Package/forcats]
Package=forcats
Version=0.4.0
Source=CRAN
Hash=4d7e4a2ed5adadda6714eb7b9361213b

[R/Package/fs]
Package=fs
Version=1.3.1
Source=CRAN
Hash=dba7e43c4103d978cb7c95b97987cc68

[R/Package/furrr]
Package=furrr
Version=0.1.0
Source=CRAN
Hash=ba787bdceee408b8f399c653fcee1601

[R/Package/future]
Package=future
Version=1.14.0
Source=CRAN
Hash=2dd37a87b16d7ae973505d636d36d22c

[R/Package/gdata]
Package=gdata
Version=2.18.0
Source=CRAN
Hash=712e6a703c385e5c9134d13346490b85

[R/Package/generics]
Package=generics
Version=0.0.2
Source=CRAN
Hash=4e8e453aff36dd8ddac10ff157083e4f

[R/Package/ggplot2]
Package=ggplot2
Version=3.1.1
Source=CRAN
Hash=9b799ccb416b3169d36b933b283b9cc0

[R/Package/globals]
Package=globals
Version=0.12.4
Source=CRAN
Hash=cf9ddd6b6fce90974d5bd9b5f80d08b0

[R/Package/glue]
Package=glue
Version=1.3.1
Source=CRAN
Hash=e8436e647719b7c9d01409767cd88cc8

[R/Package/gower]
Package=gower
Version=0.2.0
Source=CRAN
Hash=b05bc87a5b3c614b8e1c362569b4525b

[R/Package/gtable]
Package=gtable
Version=0.3.0
Source=CRAN
Hash=6a58b2980a57345822ec5f9c7d2d1751

[R/Package/gtools]
Package=gtools
Version=3.8.1
Source=CRAN
Hash=a1f1f79c481c077e9dba0fdaac442372

[R/Package/haven]
Package=haven
Version=2.1.1
Source=CRAN
Hash=d1f21b8ced82ba581c26edfcc69d0c41

[R/Package/here]
Package=here
Version=0.1
Source=CRAN
Hash=17102304d55b3242d6199cddc0fd79f7

[R/Package/highr]
Package=highr
Version=0.8
Source=CRAN
Hash=43e36bc8bca1d8256f86933659c46349

[R/Package/hms]
Package=hms
Version=0.4.2
Source=CRAN
Hash=027298fb177899be8299a815a8d5495d

[R/Package/htmltools]
Package=htmltools
Version=0.3.6
Source=CRAN
Hash=5132526e7fb28a2c20d1ef443d5c4644

[R/Package/httr]
Package=httr
Version=1.4.0
Source=CRAN
Hash=4a241c31afac61ea4a8a672aa5b0b098

[R/Package/igraph]
Package=igraph
Version=1.2.4.1
Source=CRAN
Hash=6eb7a604bc33c66dac0611b7ce75ac69

[R/Package/ipred]
Package=ipred
Version=0.9-9
Source=CRAN
Hash=aaa4f1418c71e1842f64ed7a3d8c8f6f

[R/Package/jpeg]
Package=jpeg
Version=0.1-8
Source=CRAN
Hash=c5744e03e8ed29c1b66dc47d6cf1b2c8

[R/Package/jsonlite]
Package=jsonlite
Version=1.6
Source=CRAN
Hash=b7e67b6a7bc2fdae729c0f3ff9026a8a

[R/Package/keras]
Package=keras
Version=2.2.4.1
Source=CRAN
Hash=9c716427d01784f19dd98b2a2dfe110b

[R/Package/knitr]
Package=knitr
Version=1.22
Source=CRAN
Hash=d635128a6829138e2d54c2e3fdfa0414

[R/Package/labeling]
Package=labeling
Version=0.3
Source=CRAN
Hash=e1f613894f080d1eee41c34b281a2184

[R/Package/lattice]
Package=lattice
Version=0.20-38
Source=CRAN
Hash=6f7aa123115b33bc9ad1ca800874b1de

[R/Package/lava]
Package=lava
Version=1.6.5
Source=CRAN
Hash=806150f01de7274c6ce698538408139b

[R/Package/lazyeval]
Package=lazyeval
Version=0.2.2
Source=CRAN
Hash=d2f5e98b8b7ae633e252830c3243c2ab

[R/Package/listenv]
Package=listenv
Version=0.7.0
Source=CRAN
Hash=7cdee13e292d057fce33553ea7eebbd7

[R/Package/lubridate]
Package=lubridate
Version=1.7.4
Source=CRAN
Hash=d55fdb3732a8f047e49b86064dd78984

[R/Package/magrittr]
Package=magrittr
Version=1.5
Source=CRAN
Hash=dee1d97cffddfd3ed969e224bd0826d0

[R/Package/markdown]
Package=markdown
Version=0.9
Source=CRAN
Hash=1fbb2ad90802091ee91ad798a5a1a826

[R/Package/mgcv]
Package=mgcv
Version=1.8-28
Source=CRAN
Hash=6ac256e4fdcf33c11f9ed987927cc614

[R/Package/mime]
Package=mime
Version=0.6
Source=CRAN
Hash=80ae456badc246e62ce407667129a9fb

[R/Package/modelr]
Package=modelr
Version=0.1.5
Source=CRAN
Hash=c1f44481db2b8ac0d3625da400abdc1e

[R/Package/munsell]
Package=munsell
Version=0.5.0
Source=CRAN
Hash=9111af6c6dec65538ebd3de6c0bae864

[R/Package/nlme]
Package=nlme
Version=3.1-140
Source=CRAN
Hash=ad3b02c6f154deac3584133e6e015cd3

[R/Package/nnet]
Package=nnet
Version=7.3-12
Source=CRAN
Hash=2a92e339b2aeab90147147e2cf7c8310

[R/Package/numDeriv]
Package=numDeriv
Version=2016.8-1
Source=CRAN
Hash=eccb0f0490f2e260f3cc5e6d225c6246

[R/Package/openssl]
Package=openssl
Version=1.3
Source=CRAN
Hash=7c846fcab4f62067419ebf755d348753

[R/Package/pROC]
Package=pROC
Version=1.14.0
Source=CRAN
Hash=141dcef2d99ab8b4c3c100bc2d5dd6d0

[R/Package/pillar]
Package=pillar
Version=1.4.1
Source=CRAN
Hash=d72f94f538fbefc19f0c212a7117da00

[R/Package/pkgconfig]
Package=pkgconfig
Version=2.0.2
Source=CRAN
Hash=2dd2d8867e4f0173ea2ce029d630a086

[R/Package/plogr]
Package=plogr
Version=0.2.0
Source=CRAN
Hash=1a8304cc1382ef64e3b710ba589d7bc0

[R/Package/plyr]
Package=plyr
Version=1.8.4
Source=CRAN
Hash=37dd0f3aadee2ac99e47168f4bffddb7

[R/Package/prettyunits]
Package=prettyunits
Version=1.0.2
Source=CRAN
Hash=33ce93b23647e85c127f8e1bb08604fc

[R/Package/processx]
Package=processx
Version=3.3.1
Source=CRAN
Hash=6cb4a4d0e13190ea58a2ed9e39adf967

[R/Package/prodlim]
Package=prodlim
Version=2018.04.18
Source=CRAN
Hash=99d22953eebaae95af8de37f5594b862

[R/Package/progress]
Package=progress
Version=1.2.0
Source=CRAN
Hash=f462b2404c3bc6d876fb47f74bb8c0e2

[R/Package/ps]
Package=ps
Version=1.3.0
Source=CRAN
Hash=a38f3fd447d1595a3da538910054b911

[R/Package/purrr]
Package=purrr
Version=0.3.2
Source=CRAN
Hash=c360ab7eabd6e38a83f2475eb97c6344

[R/Package/readr]
Package=readr
Version=1.3.1
Source=CRAN
Hash=60167b7ec3de99e76ff406aaf0f83bb4

[R/Package/readxl]
Package=readxl
Version=1.3.1
Source=CRAN
Hash=8a8b4695e87c90cc9423eb8994e76819

[R/Package/recipes]
Package=recipes
Version=0.1.5
Source=CRAN
Hash=4cb6a98cd3976f05a5c1329b8c9180d8

[R/Package/rematch]
Package=rematch
Version=1.0.1
Source=CRAN
Hash=d3d55a556f7f2e74f449d6a53b8abf8e

[R/Package/reprex]
Package=reprex
Version=0.3.0
Source=CRAN
Hash=e5c16307a512cdaea9adddacde0671af

[R/Package/reshape2]
Package=reshape2
Version=1.4.3
Source=CRAN
Hash=ac685130d1a25e3f6470960fd29c5693

[R/Package/reticulate]
Package=reticulate
Version=1.12
Source=CRAN
Hash=55bd95ffc63a575942ba5678a82a585f

[R/Package/rlang]
Package=rlang
Version=0.4.0
Source=CRAN
Hash=8f1bf3a54c8844dc254baabba61cb6a9

[R/Package/rmarkdown]
Package=rmarkdown
Version=1.12
Source=CRAN
Hash=d674e18f8c1c78773e83d102dd65b2eb

[R/Package/rpart]
Package=rpart
Version=4.1-15
Source=CRAN
Hash=0d0e7f0e3c22944bb9bf67d0d5636e50

[R/Package/rprojroot]
Package=rprojroot
Version=1.3-2
Source=CRAN
Hash=5382761b8b318da6dd3fb0f6dae3c43a

[R/Package/rsample]
Package=rsample
Version=0.0.5
Source=CRAN
Hash=b81a5a4c987ce5d30644fa276ff0c792

[R/Package/rstudioapi]
Package=rstudioapi
Version=0.10
Source=CRAN
Hash=04552808fd065fdf0fec7bad340eb83c

[R/Package/rvest]
Package=rvest
Version=0.3.4
Source=CRAN
Hash=76bb112bc3833454dc701230aa9cb3ed

[R/Package/scales]
Package=scales
Version=1.0.0
Source=CRAN
Hash=a96e9571cd875b7b934990d85b7a3c18

[R/Package/selectr]
Package=selectr
Version=0.4-1
Source=CRAN
Hash=40ccee5dc2b97e197648525aefcfd0ba

[R/Package/storr]
Package=storr
Version=1.2.1
Source=CRAN
Hash=3bd64ff7d32ab39360094aa228a3197b

[R/Package/stringi]
Package=stringi
Version=1.4.3
Source=CRAN
Hash=113506f116db9dd5bd1caf46884e0647

[R/Package/stringr]
Package=stringr
Version=1.4.0
Source=CRAN
Hash=41d6310ad18bd019a203d7adc496a28b

[R/Package/survival]
Package=survival
Version=2.44-1.1
Source=CRAN
Hash=20bdedb74dc2c866f51e4ec9133480b1

[R/Package/sys]
Package=sys
Version=3.2
Source=CRAN
Hash=272daf1b3ba287a42d02e33c89870eae

[R/Package/tensorflow]
Package=tensorflow
Version=1.13.1
Source=CRAN
Hash=0df26b0791022612f5167e50d136b9e1

[R/Package/tfruns]
Package=tfruns
Version=1.4
Source=CRAN
Hash=c463852eed93554c386f97b4329abb91

[R/Package/tibble]
Package=tibble
Version=2.1.2
Source=CRAN
Hash=b650787b97abb41a14df225171d20158

[R/Package/tidyr]
Package=tidyr
Version=0.8.3
Source=CRAN
Hash=51442fddca0f783dce03baffbe5b790b

[R/Package/tidyselect]
Package=tidyselect
Version=0.2.5
Source=CRAN
Hash=dc3fcbc21f04b293e0794e24982cf357

[R/Package/tidyverse]
Package=tidyverse
Version=1.2.1
Source=CRAN
Hash=ec414bb606232eb2f242f4e49706a0da

[R/Package/timeDate]
Package=timeDate
Version=3043.102
Source=CRAN
Hash=93f260c47c35e25620bb2af4ed8ed17e

[R/Package/tinytex]
Package=tinytex
Version=0.12
Source=CRAN
Hash=85c1184b6ad4a43385f29733b8ca526c

[R/Package/tis]
Package=tis
Version=1.37.1
Source=CRAN
Hash=febceebcfd3a91478a886d64782b950f

[R/Package/txtq]
Package=txtq
Version=0.1.4
Source=CRAN
Hash=113b75a39e1a58b6f04da6662d0c8510

[R/Package/utf8]
Package=utf8
Version=1.1.4
Source=CRAN
Hash=3f1a5a5b184f63379f8e6c08d5036c53

[R/Package/vctrs]
Package=vctrs
Version=0.1.0
Source=CRAN
Hash=990e11a7c6454ee32e2821f1a34fac94

[R/Package/viridisLite]
Package=viridisLite
Version=0.3.0
Source=CRAN
Hash=1f264fa42320c4f44b1689d89101e823

[R/Package/whisker]
Package=whisker
Version=0.3-2
Source=CRAN
Hash=c6d8a035a88c6e3222f0efaac18406f6

[R/Package/withr]
Package=withr
Version=2.1.2
Source=CRAN
Hash=7c9aef08038f47e6c1532ed574a0e087

[R/Package/xfun]
Package=xfun
Version=0.6
Source=CRAN
Hash=c3cbe6df774ba2253e1748e0552b7c6a

[R/Package/xml2]
Package=xml2
Version=1.2.2
Source=CRAN
Hash=22fa8b694a7ffcec094bfb94a405595d

[R/Package/yaml]
Package=yaml
Version=2.2.0
Source=CRAN
Hash=3a313c96061c4ac790de611dc57ebd1f

[R/Package/yardstick]
Package=yardstick
Version=0.0.3
Source=CRAN
Hash=e0fad2934144b4a87b22edd86ece2682

[R/Package/zeallot]
Package=zeallot
Version=0.1.0
Source=CRAN
Hash=45d65588b02d47970fc84adecb2ee664

[R/Package/Rcpp]
Package=Rcpp
Version=1.0.2
Source=CRAN
Hash=c25fa7d5684fa7001ddfea3755243975

[R/Package/jsonlite]
Package=jsonlite
Version=1.6
Source=CRAN
Hash=b7e67b6a7bc2fdae729c0f3ff9026a8a

[R/Package/png]
Package=png
Version=0.1-7
Source=CRAN
Hash=2facb7d8929420c91d1ddc8d4636f787

[R/Package/reticulate]
Package=reticulate
Version=1.13
Source=CRAN
Hash=a083b977df80dcb6ef64d2b623edff22

[R/Package/visNetwork]
Package=visNetwork
Version=2.0.7
Source=CRAN
Hash=72bfc95f92a126211b42d99581747db1
